{
  "nodes": {
    "awkward-nvim": {
      "flake": false,
      "locked": {
        "lastModified": 1626496100,
        "narHash": "sha256-Zq27NUqrHeYbCTvLaKR7JPjqpIeg0sg8SqP/Z1PvnkU=",
        "owner": "maaslalani",
        "repo": "awkward.nvim",
        "rev": "e5c210acff6582c6bbd301f568e19903c9d46fe8",
        "type": "github"
      },
      "original": {
        "owner": "maaslalani",
        "repo": "awkward.nvim",
        "type": "github"
      }
    },
    "cmp-buffer": {
      "flake": false,
      "locked": {
        "lastModified": 1630563990,
        "narHash": "sha256-lLP6gnuSN/tJiJ1sb2u6Xm5G2P59pz6tnOGDRfbivjk=",
        "owner": "hrsh7th",
        "repo": "cmp-buffer",
        "rev": "5dde5430757696be4169ad409210cf5088554ed6",
        "type": "github"
      },
      "original": {
        "owner": "hrsh7th",
        "repo": "cmp-buffer",
        "type": "github"
      }
    },
    "cmp-nvim-lsp": {
      "flake": false,
      "locked": {
        "lastModified": 1630692411,
        "narHash": "sha256-D1JRt0lEyMN4UewWvrQeV06i8cpcJvwevigYXLgYWas=",
        "owner": "hrsh7th",
        "repo": "cmp-nvim-lsp",
        "rev": "f6f471898bc4b45eacd36eef9887847b73130e0e",
        "type": "github"
      },
      "original": {
        "owner": "hrsh7th",
        "repo": "cmp-nvim-lsp",
        "type": "github"
      }
    },
    "flake-compat": {
      "flake": false,
      "locked": {
        "lastModified": 1627913399,
        "narHash": "sha256-hY8g6H2KFL8ownSiFeMOjwPC8P0ueXpCVEbxgda3pko=",
        "owner": "edolstra",
        "repo": "flake-compat",
        "rev": "12c64ca55c1014cdc1b16ed5a804aa8576601ff2",
        "type": "github"
      },
      "original": {
        "owner": "edolstra",
        "repo": "flake-compat",
        "type": "github"
      }
    },
    "flake-utils": {
      "locked": {
        "lastModified": 1629481132,
        "narHash": "sha256-JHgasjPR0/J1J3DRm4KxM4zTyAj4IOJY8vIl75v/kPI=",
        "owner": "numtide",
        "repo": "flake-utils",
        "rev": "997f7efcb746a9c140ce1f13c72263189225f482",
        "type": "github"
      },
      "original": {
        "owner": "numtide",
        "repo": "flake-utils",
        "type": "github"
      }
    },
    "fnl": {
      "flake": false,
      "locked": {
        "narHash": "sha256-FC2Yq8vacwNS6NAOVvwEBoa8IdPFynJ0PnGr+JaWmIM=",
        "path": "fnl",
        "type": "path"
      },
      "original": {
        "path": "fnl",
        "type": "path"
      }
    },
    "gitsigns-nvim": {
      "flake": false,
      "locked": {
        "lastModified": 1630274932,
        "narHash": "sha256-FyifZnOMpSnjpv2qoHEUk6f9N58Lkhy/13uiBzaiEXg=",
        "owner": "lewis6991",
        "repo": "gitsigns.nvim",
        "rev": "daa233aabb4dbc7c870ea7300bcfeef96d49c2a3",
        "type": "github"
      },
      "original": {
        "owner": "lewis6991",
        "repo": "gitsigns.nvim",
        "type": "github"
      }
    },
    "hammerspoon": {
      "flake": false,
      "locked": {
        "narHash": "sha256-y3nbBL1c34y1ztuAAn4hH+GLZE08sXG8+7GYdoBXaa8=",
        "type": "tarball",
        "url": "https://github.com/Hammerspoon/hammerspoon/releases/download/0.9.90/Hammerspoon-0.9.90.zip"
      },
      "original": {
        "type": "tarball",
        "url": "https://github.com/Hammerspoon/hammerspoon/releases/download/0.9.90/Hammerspoon-0.9.90.zip"
      }
    },
    "home-manager": {
      "inputs": {
        "nixpkgs": [
          "nixpkgs"
        ]
      },
      "locked": {
        "lastModified": 1630890028,
        "narHash": "sha256-Q2ZuK0QQiSdgei68a6wV1FDPmBkR6M0apFjQrWsv8FY=",
        "owner": "nix-community",
        "repo": "home-manager",
        "rev": "5e46262cb1fa888f6f46a675cc2806a23ba9625c",
        "type": "github"
      },
      "original": {
        "owner": "nix-community",
        "repo": "home-manager",
        "type": "github"
      }
    },
    "neorg": {
      "flake": false,
      "locked": {
        "lastModified": 1630860496,
        "narHash": "sha256-A0E29zk65BZQFjHTVpbMXtF8+o2+DWrVoKLz4aVnGlk=",
        "owner": "vhyrro",
        "repo": "neorg",
        "rev": "6c019888a94e1213aa14c64bf1e586580e9bcaa9",
        "type": "github"
      },
      "original": {
        "owner": "vhyrro",
        "ref": "unstable",
        "repo": "neorg",
        "type": "github"
      }
    },
    "neovim-flake": {
      "inputs": {
        "flake-utils": "flake-utils",
        "nixpkgs": [
          "nixpkgs"
        ]
      },
      "locked": {
        "dir": "contrib",
        "lastModified": 1630871334,
        "narHash": "sha256-Q7DYpgVLTGCQ+ithtsfQZq3vVji6PrLb8dr+vUWsllE=",
        "owner": "neovim",
        "repo": "neovim",
        "rev": "3f526feebfe6d7bf71380a24639a3dd908f77ff6",
        "type": "github"
      },
      "original": {
        "dir": "contrib",
        "owner": "neovim",
        "repo": "neovim",
        "type": "github"
      }
    },
    "neovim-nightly-overlay": {
      "inputs": {
        "flake-compat": "flake-compat",
        "neovim-flake": "neovim-flake",
        "nixpkgs": "nixpkgs"
      },
      "locked": {
        "lastModified": 1630916253,
        "narHash": "sha256-4s2HGlJeGpJJkmrNWhto9uJ41K41Aj5ZxRlb7VTr+xA=",
        "owner": "nix-community",
        "repo": "neovim-nightly-overlay",
        "rev": "c4981cab769f72e69d70f8e1cc1925dbc486b4dd",
        "type": "github"
      },
      "original": {
        "owner": "nix-community",
        "repo": "neovim-nightly-overlay",
        "type": "github"
      }
    },
    "nixpkgs": {
      "locked": {
        "lastModified": 1630850248,
        "narHash": "sha256-OzJi6Olf7mSVhGt3W7qOMVP5Qk1lH60zlHeCcITzfv0=",
        "owner": "nixos",
        "repo": "nixpkgs",
        "rev": "23d5823337f4502dfa17e192d8c53a47cabcb6b4",
        "type": "github"
      },
      "original": {
        "owner": "nixos",
        "ref": "nixos-unstable",
        "repo": "nixpkgs",
        "type": "github"
      }
    },
    "nixpkgs_2": {
      "locked": {
        "lastModified": 1630140382,
        "narHash": "sha256-ntXepAHFlAEtaYIU5EzckRUODeeMgpu1u2Yug+4LFNc=",
        "owner": "nixos",
        "repo": "nixpkgs",
        "rev": "08ef0f28e3a41424b92ba1d203de64257a9fca6a",
        "type": "github"
      },
      "original": {
        "owner": "nixos",
        "ref": "nixpkgs-unstable",
        "repo": "nixpkgs",
        "type": "github"
      }
    },
    "nordbuddy-nvim": {
      "flake": false,
      "locked": {
        "lastModified": 1630711517,
        "narHash": "sha256-k4EAZ4vabE+HaP/VXOan4MBhiim++LNKZdjhSgKdrpw=",
        "owner": "maaslalani",
        "repo": "nordbuddy",
        "rev": "525b9658fcf145e141f34de16029bb069ced92fd",
        "type": "github"
      },
      "original": {
        "owner": "maaslalani",
        "repo": "nordbuddy",
        "type": "github"
      }
    },
    "nvim-cmp": {
      "flake": false,
      "locked": {
        "lastModified": 1630946329,
        "narHash": "sha256-0xzduJH5yYlfdpDSw6c2+OlL7tk9jM0kQYst4YNTpME=",
        "owner": "hrsh7th",
        "repo": "nvim-cmp",
        "rev": "b6b15d5f6e46643462b5e62269e7babdab17331c",
        "type": "github"
      },
      "original": {
        "owner": "hrsh7th",
        "repo": "nvim-cmp",
        "type": "github"
      }
    },
    "nvim-treesitter": {
      "flake": false,
      "locked": {
        "lastModified": 1630722990,
        "narHash": "sha256-Mh5JbfVMtsd9RBqKpPcEkDG//X1FIyGR/elkLsFiOio=",
        "owner": "nvim-treesitter",
        "repo": "nvim-treesitter",
        "rev": "8c105dedec9c6671697b5e68cd96d34a726db76d",
        "type": "github"
      },
      "original": {
        "owner": "nvim-treesitter",
        "repo": "nvim-treesitter",
        "type": "github"
      }
    },
    "plenary-nvim": {
      "flake": false,
      "locked": {
        "lastModified": 1630524182,
        "narHash": "sha256-RHf63gfHCd2A24iuNzh3YgcS1oWT0OMfqw7h/3zygQk=",
        "owner": "nvim-lua",
        "repo": "plenary.nvim",
        "rev": "06266e7bf675ba9af887fb6d1661b289fdd9bcf4",
        "type": "github"
      },
      "original": {
        "owner": "nvim-lua",
        "repo": "plenary.nvim",
        "type": "github"
      }
    },
    "root": {
      "inputs": {
        "awkward-nvim": "awkward-nvim",
        "cmp-buffer": "cmp-buffer",
        "cmp-nvim-lsp": "cmp-nvim-lsp",
        "fnl": "fnl",
        "gitsigns-nvim": "gitsigns-nvim",
        "hammerspoon": "hammerspoon",
        "home-manager": "home-manager",
        "neorg": "neorg",
        "neovim-nightly-overlay": "neovim-nightly-overlay",
        "nixpkgs": "nixpkgs_2",
        "nordbuddy-nvim": "nordbuddy-nvim",
        "nvim-cmp": "nvim-cmp",
        "nvim-treesitter": "nvim-treesitter",
        "plenary-nvim": "plenary-nvim",
        "telescope-nvim": "telescope-nvim",
        "which-key-nvim": "which-key-nvim"
      }
    },
    "telescope-nvim": {
      "flake": false,
      "locked": {
        "lastModified": 1630890461,
        "narHash": "sha256-8v7BnoQ/b5r4B/ga+lnFoPTeMUxi+Px+Q4pYKIc0AlM=",
        "owner": "nvim-telescope",
        "repo": "telescope.nvim",
        "rev": "162cf7b5343eaf97c32c97af6a37452f9a3a9ca1",
        "type": "github"
      },
      "original": {
        "owner": "nvim-telescope",
        "repo": "telescope.nvim",
        "type": "github"
      }
    },
    "which-key-nvim": {
      "flake": false,
      "locked": {
        "lastModified": 1628160854,
        "narHash": "sha256-eoaBx7PzctB0rwmBW/ba9O9rcbyRCNvBafWXHUToZAI=",
        "owner": "folke",
        "repo": "which-key.nvim",
        "rev": "b582c9d78f0d105041ed29ec3a8ee11d98ddfd50",
        "type": "github"
      },
      "original": {
        "owner": "folke",
        "repo": "which-key.nvim",
        "type": "github"
      }
    }
  },
  "root": "root",
  "version": 7
}
