{
  "nodes": {
    "fnl": {
      "flake": false,
      "locked": {
        "lastModified": 1,
        "narHash": "sha256-kIHj1G92yhvZjp04xaDxrbOIpvue/3xsQsv/9zzbLbY=",
        "path": "fnl",
        "type": "path"
      },
      "original": {
        "path": "fnl",
        "type": "path"
      }
    },
    "hammerspoon": {
      "flake": false,
      "locked": {
        "narHash": "sha256-13cGdXjWeig0hUTdiCmiQdq3wcnbPOjnRRAA7hMn690=",
        "type": "tarball",
        "url": "https://github.com/Hammerspoon/hammerspoon/releases/latest/download/Hammerspoon-0.9.97.zip"
      },
      "original": {
        "type": "tarball",
        "url": "https://github.com/Hammerspoon/hammerspoon/releases/latest/download/Hammerspoon-0.9.97.zip"
      }
    },
    "home-manager": {
      "inputs": {
        "nixpkgs": [
          "nixpkgs"
        ],
        "utils": "utils"
      },
      "locked": {
        "lastModified": 1664573442,
        "narHash": "sha256-AovlSIuJfMf8n9QLNUVtsCul+NVHIoen7APH2fLls3k=",
        "owner": "nix-community",
        "repo": "home-manager",
        "rev": "a7f0cc2d7b271b4a5df9b9e351d556c172f7e903",
        "type": "github"
      },
      "original": {
        "owner": "nix-community",
        "repo": "home-manager",
        "type": "github"
      }
    },
    "nixpkgs": {
      "locked": {
        "lastModified": 1664657885,
        "narHash": "sha256-lEP3mGQRYBGzYwNwpxqjFSUDPV7ROz6RAzvRSJ11Dww=",
        "owner": "nixos",
        "repo": "nixpkgs",
        "rev": "cc23141ba4281634d26a344b014018bbf2f84daa",
        "type": "github"
      },
      "original": {
        "owner": "nixos",
        "ref": "master",
        "repo": "nixpkgs",
        "type": "github"
      }
    },
    "root": {
      "inputs": {
        "fnl": "fnl",
        "hammerspoon": "hammerspoon",
        "home-manager": "home-manager",
        "nixpkgs": "nixpkgs",
        "saturn": "saturn"
      }
    },
    "saturn": {
      "flake": false,
      "locked": {
        "lastModified": 1,
        "narHash": "sha256-UnmeMo1rSF2lC5OxZn9rFOJvUtESBEnAyRY3NVfR1gA=",
        "path": "colors",
        "type": "path"
      },
      "original": {
        "path": "colors",
        "type": "path"
      }
    },
    "utils": {
      "locked": {
        "lastModified": 1659877975,
        "narHash": "sha256-zllb8aq3YO3h8B/U0/J1WBgAL8EX5yWf5pMj3G0NAmc=",
        "owner": "numtide",
        "repo": "flake-utils",
        "rev": "c0e246b9b83f637f4681389ecabcb2681b4f3af0",
        "type": "github"
      },
      "original": {
        "owner": "numtide",
        "repo": "flake-utils",
        "type": "github"
      }
    }
  },
  "root": "root",
  "version": 7
}
